
Microsoft Visual Studio Solution File, Format Version 12.00
# Visual Studio Version 17
VisualStudioVersion = 17.14.36121.58 d17.14
MinimumVisualStudioVersion = 10.0.40219.1
Project("{FAE04EC0-301F-11D3-BF4B-00C04F79EFBC}") = "SteamUpdateTracker", "SteamUpdateTracker.csproj", "{F4D1F047-CCD6-4647-BE0A-1F85CF2A2299}"
EndProject
Global
	GlobalSection(SolutionConfigurationPlatforms) = preSolution
		Debug|Any CPU = Debug|Any CPU
		Release|Any CPU = Release|Any CPU
	EndGlobalSection
	GlobalSection(ProjectConfigurationPlatforms) = postSolution
		{F4D1F047-CCD6-4647-BE0A-1F85CF2A2299}.Debug|Any CPU.ActiveCfg = Debug|Any CPU
		{F4D1F047-CCD6-4647-BE0A-1F85CF2A2299}.Debug|Any CPU.Build.0 = Debug|Any CPU
		{F4D1F047-CCD6-4647-BE0A-1F85CF2A2299}.Release|Any CPU.ActiveCfg = Release|Any CPU
		{F4D1F047-CCD6-4647-BE0A-1F85CF2A2299}.Release|Any CPU.Build.0 = Release|Any CPU
	EndGlobalSection
	GlobalSection(SolutionProperties) = preSolution
		HideSolutionNode = FALSE
	EndGlobalSection
	GlobalSection(ExtensibilityGlobals) = postSolution
		SolutionGuid = {8BFCD6F5-6F0A-4FE5-A299-B8F1C58D6C0E}
	EndGlobalSection
EndGlobal
